{
    "_meta": {
        "hash": {
            "sha256": "9916138e851dd9bc7401a5da6d10d4d048b2342a9a9c2065375e76f0c7bdea0a"
        },
        "pipfile-spec": 6,
        "requires": {
            "python_version": "3.6"
        },
        "sources": [
            {
                "name": "pypi",
                "url": "https://pypi.org/simple",
                "verify_ssl": true
            }
        ]
    },
    "default": {
        "pyagentx": {
            "git": "https://github.com/rayed/pyagentx.git",
            "ref": "31d9814e6c677d9002fb716ca3609840991a955f"
        }
    },
    "develop": {
        "autopep8": {
            "hashes": [
                "sha256:655e3ee8b4545be6cfed18985f581ee9ecc74a232550ee46e9797b6fbf4f336d"
            ],
            "index": "pypi",
            "version": "==1.4"
        },
        "pycodestyle": {
            "hashes": [
                "sha256:cbc619d09254895b0d12c2c691e237b2e91e9b2ecf5e84c26b35400f93dcfb83",
                "sha256:cbfca99bd594a10f674d0cd97a3d802a1fdef635d4361e1a2658de47ed261e3a"
            ],
            "version": "==2.4.0"
        }
    }
}
